
Microsoft Visual Studio Solution File, Format Version 12.00
# Visual Studio Version 16
VisualStudioVersion = 16.0.30320.27
MinimumVisualStudioVersion = 10.0.40219.1
Project("{FAE04EC0-301F-11D3-BF4B-00C04F79EFBC}") = "Letterfrequenties", "Letterfrequenties\Letterfrequenties.csproj", "{B368E3C1-753D-4992-8B3B-DF9D63B44720}"
EndProject
Global
	GlobalSection(SolutionConfigurationPlatforms) = preSolution
		Debug|Any CPU = Debug|Any CPU
		Release|Any CPU = Release|Any CPU
	EndGlobalSection
	GlobalSection(ProjectConfigurationPlatforms) = postSolution
		{B368E3C1-753D-4992-8B3B-DF9D63B44720}.Debug|Any CPU.ActiveCfg = Debug|Any CPU
		{B368E3C1-753D-4992-8B3B-DF9D63B44720}.Debug|Any CPU.Build.0 = Debug|Any CPU
		{B368E3C1-753D-4992-8B3B-DF9D63B44720}.Release|Any CPU.ActiveCfg = Release|Any CPU
		{B368E3C1-753D-4992-8B3B-DF9D63B44720}.Release|Any CPU.Build.0 = Release|Any CPU
	EndGlobalSection
	GlobalSection(SolutionProperties) = preSolution
		HideSolutionNode = FALSE
	EndGlobalSection
	GlobalSection(ExtensibilityGlobals) = postSolution
		SolutionGuid = {E5E2C42E-45CC-41BA-A9A5-7BD98542DFDB}
	EndGlobalSection
EndGlobal
